
Microsoft Visual Studio Solution File, Format Version 12.00
# Visual Studio Version 16
VisualStudioVersion = 16.0.30002.166
MinimumVisualStudioVersion = 10.0.40219.1
Project("{9A19103F-16F7-4668-BE54-9A1E7A4F7556}") = "PoshProject", "PoshProject.csproj", "{0026F1DE-1958-4EF2-B5E7-202B134784D6}"
EndProject
Global
	GlobalSection(SolutionConfigurationPlatforms) = preSolution
		Debug|Any CPU = Debug|Any CPU
		Release|Any CPU = Release|Any CPU
	EndGlobalSection
	GlobalSection(ProjectConfigurationPlatforms) = postSolution
		{0026F1DE-1958-4EF2-B5E7-202B134784D6}.Debug|Any CPU.ActiveCfg = Debug|Any CPU
		{0026F1DE-1958-4EF2-B5E7-202B134784D6}.Debug|Any CPU.Build.0 = Debug|Any CPU
		{0026F1DE-1958-4EF2-B5E7-202B134784D6}.Release|Any CPU.ActiveCfg = Release|Any CPU
		{0026F1DE-1958-4EF2-B5E7-202B134784D6}.Release|Any CPU.Build.0 = Release|Any CPU
	EndGlobalSection
	GlobalSection(SolutionProperties) = preSolution
		HideSolutionNode = FALSE
	EndGlobalSection
	GlobalSection(ExtensibilityGlobals) = postSolution
		SolutionGuid = {21DFF583-90F4-4050-A490-BB8ED4EBFE24}
	EndGlobalSection
EndGlobal
